// !$*UTF8*$!
{
	archiveVersion = 1;
	classes = {
	};
	objectVersion = 77;
	objects = {

/* Begin PBXBuildFile section */
		6E3F5C612D131D6D00791D0B /* Preview Assets.xcassets in Resources */ = {isa = PBXBuildFile; fileRef = 6E3F5C542D131D6D00791D0B /* Preview Assets.xcassets */; };
		6E3F5C622D131D6D00791D0B /* LocalNotificationManager.swift in Sources */ = {isa = PBXBuildFile; fileRef = 6E3F5C5D2D131D6D00791D0B /* LocalNotificationManager.swift */; };
		6E3F5C632D131D6D00791D0B /* AlarmathApp.swift in Sources */ = {isa = PBXBuildFile; fileRef = 6E3F5C582D131D6D00791D0B /* AlarmathApp.swift */; };
		6E3F5C642D131D6D00791D0B /* Homeview.swift in Sources */ = {isa = PBXBuildFile; fileRef = 6E3F5C5C2D131D6D00791D0B /* Homeview.swift */; };
		6E3F5C652D131D6D00791D0B /* AddEditAlarmView.swift in Sources */ = {isa = PBXBuildFile; fileRef = 6E3F5C562D131D6D00791D0B /* AddEditAlarmView.swift */; };
		6E3F5C662D131D6D00791D0B /* Alarm.swift in Sources */ = {isa = PBXBuildFile; fileRef = 6E3F5C572D131D6D00791D0B /* Alarm.swift */; };
		6E3F5C672D131D6D00791D0B /* Question.swift in Sources */ = {isa = PBXBuildFile; fileRef = 6E3F5C5E2D131D6D00791D0B /* Question.swift */; };
		6E3F5C682D131D6D00791D0B /* AlarmTriggerView.swift in Sources */ = {isa = PBXBuildFile; fileRef = 6E3F5C5A2D131D6D00791D0B /* AlarmTriggerView.swift */; };
		6E3F5C692D131D6D00791D0B /* AlarmRowView.swift in Sources */ = {isa = PBXBuildFile; fileRef = 6E3F5C592D131D6D00791D0B /* AlarmRowView.swift */; };
		6E3F5C6A2D131E9000791D0B /* Assets.xcassets in Resources */ = {isa = PBXBuildFile; fileRef = 6E3F5C5B2D131D6D00791D0B /* Assets.xcassets */; };
/* End PBXBuildFile section */

/* Begin PBXFileReference section */
		6E3F5C542D131D6D00791D0B /* Preview Assets.xcassets */ = {isa = PBXFileReference; lastKnownFileType = folder.assetcatalog; path = "Preview Assets.xcassets"; sourceTree = "<group>"; };
		6E3F5C562D131D6D00791D0B /* AddEditAlarmView.swift */ = {isa = PBXFileReference; lastKnownFileType = sourcecode.swift; path = AddEditAlarmView.swift; sourceTree = "<group>"; };
		6E3F5C572D131D6D00791D0B /* Alarm.swift */ = {isa = PBXFileReference; lastKnownFileType = sourcecode.swift; path = Alarm.swift; sourceTree = "<group>"; };
		6E3F5C582D131D6D00791D0B /* AlarmathApp.swift */ = {isa = PBXFileReference; lastKnownFileType = sourcecode.swift; path = AlarmathApp.swift; sourceTree = "<group>"; };
		6E3F5C592D131D6D00791D0B /* AlarmRowView.swift */ = {isa = PBXFileReference; lastKnownFileType = sourcecode.swift; path = AlarmRowView.swift; sourceTree = "<group>"; };
		6E3F5C5A2D131D6D00791D0B /* AlarmTriggerView.swift */ = {isa = PBXFileReference; lastKnownFileType = sourcecode.swift; path = AlarmTriggerView.swift; sourceTree = "<group>"; };
		6E3F5C5B2D131D6D00791D0B /* Assets.xcassets */ = {isa = PBXFileReference; lastKnownFileType = folder.assetcatalog; path = Assets.xcassets; sourceTree = "<group>"; };
		6E3F5C5C2D131D6D00791D0B /* Homeview.swift */ = {isa = PBXFileReference; lastKnownFileType = sourcecode.swift; path = Homeview.swift; sourceTree = "<group>"; };
		6E3F5C5D2D131D6D00791D0B /* LocalNotificationManager.swift */ = {isa = PBXFileReference; lastKnownFileType = sourcecode.swift; path = LocalNotificationManager.swift; sourceTree = "<group>"; };
		6E3F5C5E2D131D6D00791D0B /* Question.swift */ = {isa = PBXFileReference; lastKnownFileType = sourcecode.swift; path = Question.swift; sourceTree = "<group>"; };
		6E8C57452D0B293100A8A7A8 /* PopAtApp.app */ = {isa = PBXFileReference; explicitFileType = wrapper.application; includeInIndex = 0; path = PopAtApp.app; sourceTree = BUILT_PRODUCTS_DIR; };
/* End PBXFileReference section */

/* Begin PBXFrameworksBuildPhase section */
		6E8C57422D0B293100A8A7A8 /* Frameworks */ = {
			isa = PBXFrameworksBuildPhase;
			buildActionMask = 2147483647;
			files = (
			);
			runOnlyForDeploymentPostprocessing = 0;
		};
/* End PBXFrameworksBuildPhase section */

/* Begin PBXGroup section */
		6E3F5C552D131D6D00791D0B /* Preview Content */ = {
			isa = PBXGroup;
			children = (
				6E3F5C542D131D6D00791D0B /* Preview Assets.xcassets */,
			);
			path = "Preview Content";
			sourceTree = "<group>";
		};
		6E3F5C5F2D131D6D00791D0B /* PopAtApp */ = {
			isa = PBXGroup;
			children = (
				6E3F5C562D131D6D00791D0B /* AddEditAlarmView.swift */,
				6E3F5C572D131D6D00791D0B /* Alarm.swift */,
				6E3F5C582D131D6D00791D0B /* AlarmathApp.swift */,
				6E3F5C592D131D6D00791D0B /* AlarmRowView.swift */,
				6E3F5C5A2D131D6D00791D0B /* AlarmTriggerView.swift */,
				6E3F5C5C2D131D6D00791D0B /* Homeview.swift */,
				6E3F5C5D2D131D6D00791D0B /* LocalNotificationManager.swift */,
				6E3F5C5E2D131D6D00791D0B /* Question.swift */,
				6E3F5C5B2D131D6D00791D0B /* Assets.xcassets */,
				6E3F5C552D131D6D00791D0B /* Preview Content */,
			);
			path = PopAtApp;
			sourceTree = "<group>";
		};
		6E8C573C2D0B293100A8A7A8 = {
			isa = PBXGroup;
			children = (
				6E3F5C5F2D131D6D00791D0B /* PopAtApp */,
				6E8C57462D0B293100A8A7A8 /* Products */,
			);
			sourceTree = "<group>";
		};
		6E8C57462D0B293100A8A7A8 /* Products */ = {
			isa = PBXGroup;
			children = (
				6E8C57452D0B293100A8A7A8 /* PopAtApp.app */,
			);
			name = Products;
			sourceTree = "<group>";
		};
/* End PBXGroup section */

/* Begin PBXNativeTarget section */
		6E8C57442D0B293100A8A7A8 /* PopAtApp */ = {
			isa = PBXNativeTarget;
			buildConfigurationList = 6E8C57532D0B293100A8A7A8 /* Build configuration list for PBXNativeTarget "PopAtApp" */;
			buildPhases = (
				6E8C57412D0B293100A8A7A8 /* Sources */,
				6E8C57422D0B293100A8A7A8 /* Frameworks */,
				6E8C57432D0B293100A8A7A8 /* Resources */,
			);
			buildRules = (
			);
			dependencies = (
			);
			name = PopAtApp;
			packageProductDependencies = (
			);
			productName = Alarmath;
			productReference = 6E8C57452D0B293100A8A7A8 /* PopAtApp.app */;
			productType = "com.apple.product-type.application";
		};
/* End PBXNativeTarget section */

/* Begin PBXProject section */
		6E8C573D2D0B293100A8A7A8 /* Project object */ = {
			isa = PBXProject;
			attributes = {
				BuildIndependentTargetsInParallel = 1;
				LastSwiftUpdateCheck = 1600;
				LastUpgradeCheck = 1600;
				TargetAttributes = {
					6E8C57442D0B293100A8A7A8 = {
						CreatedOnToolsVersion = 16.0;
					};
				};
			};
			buildConfigurationList = 6E8C57402D0B293100A8A7A8 /* Build configuration list for PBXProject "PopAtApp" */;
			developmentRegion = en;
			hasScannedForEncodings = 0;
			knownRegions = (
				en,
				Base,
			);
			mainGroup = 6E8C573C2D0B293100A8A7A8;
			minimizedProjectReferenceProxies = 1;
			preferredProjectObjectVersion = 77;
			productRefGroup = 6E8C57462D0B293100A8A7A8 /* Products */;
			projectDirPath = "";
			projectRoot = "";
			targets = (
				6E8C57442D0B293100A8A7A8 /* PopAtApp */,
			);
		};
/* End PBXProject section */

/* Begin PBXResourcesBuildPhase section */
		6E8C57432D0B293100A8A7A8 /* Resources */ = {
			isa = PBXResourcesBuildPhase;
			buildActionMask = 2147483647;
			files = (
				6E3F5C6A2D131E9000791D0B /* Assets.xcassets in Resources */,
				6E3F5C612D131D6D00791D0B /* Preview Assets.xcassets in Resources */,
			);
			runOnlyForDeploymentPostprocessing = 0;
		};
/* End PBXResourcesBuildPhase section */

/* Begin PBXSourcesBuildPhase section */
		6E8C57412D0B293100A8A7A8 /* Sources */ = {
			isa = PBXSourcesBuildPhase;
			buildActionMask = 2147483647;
			files = (
				6E3F5C622D131D6D00791D0B /* LocalNotificationManager.swift in Sources */,
				6E3F5C632D131D6D00791D0B /* AlarmathApp.swift in Sources */,
				6E3F5C642D131D6D00791D0B /* Homeview.swift in Sources */,
				6E3F5C652D131D6D00791D0B /* AddEditAlarmView.swift in Sources */,
				6E3F5C662D131D6D00791D0B /* Alarm.swift in Sources */,
				6E3F5C672D131D6D00791D0B /* Question.swift in Sources */,
				6E3F5C682D131D6D00791D0B /* AlarmTriggerView.swift in Sources */,
				6E3F5C692D131D6D00791D0B /* AlarmRowView.swift in Sources */,
			);
			runOnlyForDeploymentPostprocessing = 0;
		};
/* End PBXSourcesBuildPhase section */

/* Begin XCBuildConfiguration section */
		6E8C57512D0B293100A8A7A8 /* Debug */ = {
			isa = XCBuildConfiguration;
			buildSettings = {
				ALWAYS_SEARCH_USER_PATHS = NO;
				ASSETCATALOG_COMPILER_GENERATE_SWIFT_ASSET_SYMBOL_EXTENSIONS = YES;
				CLANG_ANALYZER_NONNULL = YES;
				CLANG_ANALYZER_NUMBER_OBJECT_CONVERSION = YES_AGGRESSIVE;
				CLANG_CXX_LANGUAGE_STANDARD = "gnu++20";
				CLANG_ENABLE_MODULES = YES;
				CLANG_ENABLE_OBJC_ARC = YES;
				CLANG_ENABLE_OBJC_WEAK = YES;
				CLANG_WARN_BLOCK_CAPTURE_AUTORELEASING = YES;
				CLANG_WARN_BOOL_CONVERSION = YES;
				CLANG_WARN_COMMA = YES;
				CLANG_WARN_CONSTANT_CONVERSION = YES;
				CLANG_WARN_DEPRECATED_OBJC_IMPLEMENTATIONS = YES;
				CLANG_WARN_DIRECT_OBJC_ISA_USAGE = YES_ERROR;
				CLANG_WARN_DOCUMENTATION_COMMENTS = YES;
				CLANG_WARN_EMPTY_BODY = YES;
				CLANG_WARN_ENUM_CONVERSION = YES;
				CLANG_WARN_INFINITE_RECURSION = YES;
				CLANG_WARN_INT_CONVERSION = YES;
				CLANG_WARN_NON_LITERAL_NULL_CONVERSION = YES;
				CLANG_WARN_OBJC_IMPLICIT_RETAIN_SELF = YES;
				CLANG_WARN_OBJC_LITERAL_CONVERSION = YES;
				CLANG_WARN_OBJC_ROOT_CLASS = YES_ERROR;
				CLANG_WARN_QUOTED_INCLUDE_IN_FRAMEWORK_HEADER = YES;
				CLANG_WARN_RANGE_LOOP_ANALYSIS = YES;
				CLANG_WARN_STRICT_PROTOTYPES = YES;
				CLANG_WARN_SUSPICIOUS_MOVE = YES;
				CLANG_WARN_UNGUARDED_AVAILABILITY = YES_AGGRESSIVE;
				CLANG_WARN_UNREACHABLE_CODE = YES;
				CLANG_WARN__DUPLICATE_METHOD_MATCH = YES;
				COPY_PHASE_STRIP = NO;
				DEBUG_INFORMATION_FORMAT = dwarf;
				ENABLE_STRICT_OBJC_MSGSEND = YES;
				ENABLE_TESTABILITY = YES;
				ENABLE_USER_SCRIPT_SANDBOXING = YES;
				GCC_C_LANGUAGE_STANDARD = gnu17;
				GCC_DYNAMIC_NO_PIC = NO;
				GCC_NO_COMMON_BLOCKS = YES;
				GCC_OPTIMIZATION_LEVEL = 0;
				GCC_PREPROCESSOR_DEFINITIONS = (
					"DEBUG=1",
					"$(inherited)",
				);
				GCC_WARN_64_TO_32_BIT_CONVERSION = YES;
				GCC_WARN_ABOUT_RETURN_TYPE = YES_ERROR;
				GCC_WARN_UNDECLARED_SELECTOR = YES;
				GCC_WARN_UNINITIALIZED_AUTOS = YES_AGGRESSIVE;
				GCC_WARN_UNUSED_FUNCTION = YES;
				GCC_WARN_UNUSED_VARIABLE = YES;
				IPHONEOS_DEPLOYMENT_TARGET = 18.0;
				LOCALIZATION_PREFERS_STRING_CATALOGS = YES;
				MTL_ENABLE_DEBUG_INFO = INCLUDE_SOURCE;
				MTL_FAST_MATH = YES;
				ONLY_ACTIVE_ARCH = YES;
				SDKROOT = iphoneos;
				SWIFT_ACTIVE_COMPILATION_CONDITIONS = "DEBUG $(inherited)";
				SWIFT_OPTIMIZATION_LEVEL = "-Onone";
			};
			name = Debug;
		};
		6E8C57522D0B293100A8A7A8 /* Release */ = {
			isa = XCBuildConfiguration;
			buildSettings = {
				ALWAYS_SEARCH_USER_PATHS = NO;
				ASSETCATALOG_COMPILER_GENERATE_SWIFT_ASSET_SYMBOL_EXTENSIONS = YES;
				CLANG_ANALYZER_NONNULL = YES;
				CLANG_ANALYZER_NUMBER_OBJECT_CONVERSION = YES_AGGRESSIVE;
				CLANG_CXX_LANGUAGE_STANDARD = "gnu++20";
				CLANG_ENABLE_MODULES = YES;
				CLANG_ENABLE_OBJC_ARC = YES;
				CLANG_ENABLE_OBJC_WEAK = YES;
				CLANG_WARN_BLOCK_CAPTURE_AUTORELEASING = YES;
				CLANG_WARN_BOOL_CONVERSION = YES;
				CLANG_WARN_COMMA = YES;
				CLANG_WARN_CONSTANT_CONVERSION = YES;
				CLANG_WARN_DEPRECATED_OBJC_IMPLEMENTATIONS = YES;
				CLANG_WARN_DIRECT_OBJC_ISA_USAGE = YES_ERROR;
				CLANG_WARN_DOCUMENTATION_COMMENTS = YES;
				CLANG_WARN_EMPTY_BODY = YES;
				CLANG_WARN_ENUM_CONVERSION = YES;
				CLANG_WARN_INFINITE_RECURSION = YES;
				CLANG_WARN_INT_CONVERSION = YES;
				CLANG_WARN_NON_LITERAL_NULL_CONVERSION = YES;
				CLANG_WARN_OBJC_IMPLICIT_RETAIN_SELF = YES;
				CLANG_WARN_OBJC_LITERAL_CONVERSION = YES;
				CLANG_WARN_OBJC_ROOT_CLASS = YES_ERROR;
				CLANG_WARN_QUOTED_INCLUDE_IN_FRAMEWORK_HEADER = YES;
				CLANG_WARN_RANGE_LOOP_ANALYSIS = YES;
				CLANG_WARN_STRICT_PROTOTYPES = YES;
				CLANG_WARN_SUSPICIOUS_MOVE = YES;
				CLANG_WARN_UNGUARDED_AVAILABILITY = YES_AGGRESSIVE;
				CLANG_WARN_UNREACHABLE_CODE = YES;
				CLANG_WARN__DUPLICATE_METHOD_MATCH = YES;
				COPY_PHASE_STRIP = NO;
				DEBUG_INFORMATION_FORMAT = "dwarf-with-dsym";
				ENABLE_NS_ASSERTIONS = NO;
				ENABLE_STRICT_OBJC_MSGSEND = YES;
				ENABLE_USER_SCRIPT_SANDBOXING = YES;
				GCC_C_LANGUAGE_STANDARD = gnu17;
				GCC_NO_COMMON_BLOCKS = YES;
				GCC_WARN_64_TO_32_BIT_CONVERSION = YES;
				GCC_WARN_ABOUT_RETURN_TYPE = YES_ERROR;
				GCC_WARN_UNDECLARED_SELECTOR = YES;
				GCC_WARN_UNINITIALIZED_AUTOS = YES_AGGRESSIVE;
				GCC_WARN_UNUSED_FUNCTION = YES;
				GCC_WARN_UNUSED_VARIABLE = YES;
				IPHONEOS_DEPLOYMENT_TARGET = 18.0;
				LOCALIZATION_PREFERS_STRING_CATALOGS = YES;
				MTL_ENABLE_DEBUG_INFO = NO;
				MTL_FAST_MATH = YES;
				SDKROOT = iphoneos;
				SWIFT_COMPILATION_MODE = wholemodule;
				VALIDATE_PRODUCT = YES;
			};
			name = Release;
		};
		6E8C57542D0B293100A8A7A8 /* Debug */ = {
			isa = XCBuildConfiguration;
			buildSettings = {
				ASSETCATALOG_COMPILER_APPICON_NAME = AppIcon;
				ASSETCATALOG_COMPILER_GLOBAL_ACCENT_COLOR_NAME = AccentColor;
				CODE_SIGN_STYLE = Automatic;
				CURRENT_PROJECT_VERSION = 1;
				DEVELOPMENT_ASSET_PATHS = "\"PopAtApp/Preview Content\"";
				DEVELOPMENT_TEAM = TXUZ87WCJ2;
				ENABLE_PREVIEWS = YES;
				GENERATE_INFOPLIST_FILE = YES;
				INFOPLIST_KEY_CFBundleDisplayName = PopAtApp;
				INFOPLIST_KEY_UIApplicationSceneManifest_Generation = YES;
				INFOPLIST_KEY_UIApplicationSupportsIndirectInputEvents = YES;
				INFOPLIST_KEY_UILaunchScreen_Generation = YES;
				INFOPLIST_KEY_UISupportedInterfaceOrientations_iPad = "UIInterfaceOrientationPortrait UIInterfaceOrientationPortraitUpsideDown UIInterfaceOrientationLandscapeLeft UIInterfaceOrientationLandscapeRight";
				INFOPLIST_KEY_UISupportedInterfaceOrientations_iPhone = "UIInterfaceOrientationPortrait UIInterfaceOrientationLandscapeLeft UIInterfaceOrientationLandscapeRight";
				LD_RUNPATH_SEARCH_PATHS = (
					"$(inherited)",
					"@executable_path/Frameworks",
				);
				MARKETING_VERSION = 1.0;
				PRODUCT_BUNDLE_IDENTIFIER = NoSix.Alarmath;
				PRODUCT_NAME = "$(TARGET_NAME)";
				SWIFT_EMIT_LOC_STRINGS = YES;
				SWIFT_VERSION = 5.0;
				TARGETED_DEVICE_FAMILY = "1,2";
			};
			name = Debug;
		};
		6E8C57552D0B293100A8A7A8 /* Release */ = {
			isa = XCBuildConfiguration;
			buildSettings = {
				ASSETCATALOG_COMPILER_APPICON_NAME = AppIcon;
				ASSETCATALOG_COMPILER_GLOBAL_ACCENT_COLOR_NAME = AccentColor;
				CODE_SIGN_STYLE = Automatic;
				CURRENT_PROJECT_VERSION = 1;
				DEVELOPMENT_ASSET_PATHS = "\"PopAtApp/Preview Content\"";
				DEVELOPMENT_TEAM = TXUZ87WCJ2;
				ENABLE_PREVIEWS = YES;
				GENERATE_INFOPLIST_FILE = YES;
				INFOPLIST_KEY_CFBundleDisplayName = PopAtApp;
				INFOPLIST_KEY_UIApplicationSceneManifest_Generation = YES;
				INFOPLIST_KEY_UIApplicationSupportsIndirectInputEvents = YES;
				INFOPLIST_KEY_UILaunchScreen_Generation = YES;
				INFOPLIST_KEY_UISupportedInterfaceOrientations_iPad = "UIInterfaceOrientationPortrait UIInterfaceOrientationPortraitUpsideDown UIInterfaceOrientationLandscapeLeft UIInterfaceOrientationLandscapeRight";
				INFOPLIST_KEY_UISupportedInterfaceOrientations_iPhone = "UIInterfaceOrientationPortrait UIInterfaceOrientationLandscapeLeft UIInterfaceOrientationLandscapeRight";
				LD_RUNPATH_SEARCH_PATHS = (
					"$(inherited)",
					"@executable_path/Frameworks",
				);
				MARKETING_VERSION = 1.0;
				PRODUCT_BUNDLE_IDENTIFIER = NoSix.Alarmath;
				PRODUCT_NAME = "$(TARGET_NAME)";
				SWIFT_EMIT_LOC_STRINGS = YES;
				SWIFT_VERSION = 5.0;
				TARGETED_DEVICE_FAMILY = "1,2";
			};
			name = Release;
		};
/* End XCBuildConfiguration section */

/* Begin XCConfigurationList section */
		6E8C57402D0B293100A8A7A8 /* Build configuration list for PBXProject "PopAtApp" */ = {
			isa = XCConfigurationList;
			buildConfigurations = (
				6E8C57512D0B293100A8A7A8 /* Debug */,
				6E8C57522D0B293100A8A7A8 /* Release */,
			);
			defaultConfigurationIsVisible = 0;
			defaultConfigurationName = Release;
		};
		6E8C57532D0B293100A8A7A8 /* Build configuration list for PBXNativeTarget "PopAtApp" */ = {
			isa = XCConfigurationList;
			buildConfigurations = (
				6E8C57542D0B293100A8A7A8 /* Debug */,
				6E8C57552D0B293100A8A7A8 /* Release */,
			);
			defaultConfigurationIsVisible = 0;
			defaultConfigurationName = Release;
		};
/* End XCConfigurationList section */
	};
	rootObject = 6E8C573D2D0B293100A8A7A8 /* Project object */;
}
